// !$*UTF8*$!
{
	archiveVersion = 1;
	classes = {
	};
	objectVersion = 48;
	objects = {

/* Begin PBXBuildFile section */
		963B6F761F74F0AA00B2F400 /* AppDelegate.swift in Sources */ = {isa = PBXBuildFile; fileRef = 963B6F751F74F0AA00B2F400 /* AppDelegate.swift */; };
		963B6F781F74F0AA00B2F400 /* ViewController.swift in Sources */ = {isa = PBXBuildFile; fileRef = 963B6F771F74F0AA00B2F400 /* ViewController.swift */; };
		963B6F7B1F74F0AA00B2F400 /* Main.storyboard in Resources */ = {isa = PBXBuildFile; fileRef = 963B6F791F74F0AA00B2F400 /* Main.storyboard */; };
		963B6F7D1F74F0AA00B2F400 /* Assets.xcassets in Resources */ = {isa = PBXBuildFile; fileRef = 963B6F7C1F74F0AA00B2F400 /* Assets.xcassets */; };
		963B6F801F74F0AA00B2F400 /* LaunchScreen.storyboard in Resources */ = {isa = PBXBuildFile; fileRef = 963B6F7E1F74F0AA00B2F400 /* LaunchScreen.storyboard */; };
		963B6F8B1F74F0AB00B2F400 /* demoappTests.swift in Sources */ = {isa = PBXBuildFile; fileRef = 963B6F8A1F74F0AB00B2F400 /* demoappTests.swift */; };
		963B6F961F74F0AB00B2F400 /* demoappUITests.swift in Sources */ = {isa = PBXBuildFile; fileRef = 963B6F951F74F0AB00B2F400 /* demoappUITests.swift */; };
		963B6FE11F75A30B00B2F400 /* Model.xcdatamodeld in Sources */ = {isa = PBXBuildFile; fileRef = 963B6FDF1F75A30B00B2F400 /* Model.xcdatamodeld */; };
		963B6FE31F75A68300B2F400 /* PlayerController.swift in Sources */ = {isa = PBXBuildFile; fileRef = 963B6FE21F75A68300B2F400 /* PlayerController.swift */; };
		96F1F1CE1F7ED3DA00B93D07 /* MotionController.swift in Sources */ = {isa = PBXBuildFile; fileRef = 96F1F1CD1F7ED3DA00B93D07 /* MotionController.swift */; };
/* End PBXBuildFile section */

/* Begin PBXContainerItemProxy section */
		963B6F871F74F0AA00B2F400 /* PBXContainerItemProxy */ = {
			isa = PBXContainerItemProxy;
			containerPortal = 963B6F6A1F74F0AA00B2F400 /* Project object */;
			proxyType = 1;
			remoteGlobalIDString = 963B6F711F74F0AA00B2F400;
			remoteInfo = demoapp;
		};
		963B6F921F74F0AB00B2F400 /* PBXContainerItemProxy */ = {
			isa = PBXContainerItemProxy;
			containerPortal = 963B6F6A1F74F0AA00B2F400 /* Project object */;
			proxyType = 1;
			remoteGlobalIDString = 963B6F711F74F0AA00B2F400;
			remoteInfo = demoapp;
		};
/* End PBXContainerItemProxy section */

/* Begin PBXFileReference section */
		963B6F721F74F0AA00B2F400 /* demoapp.app */ = {isa = PBXFileReference; explicitFileType = wrapper.application; includeInIndex = 0; path = demoapp.app; sourceTree = BUILT_PRODUCTS_DIR; };
		963B6F751F74F0AA00B2F400 /* AppDelegate.swift */ = {isa = PBXFileReference; lastKnownFileType = sourcecode.swift; path = AppDelegate.swift; sourceTree = "<group>"; };
		963B6F771F74F0AA00B2F400 /* ViewController.swift */ = {isa = PBXFileReference; lastKnownFileType = sourcecode.swift; path = ViewController.swift; sourceTree = "<group>"; };
		963B6F7A1F74F0AA00B2F400 /* Base */ = {isa = PBXFileReference; lastKnownFileType = file.storyboard; name = Base; path = Base.lproj/Main.storyboard; sourceTree = "<group>"; };
		963B6F7C1F74F0AA00B2F400 /* Assets.xcassets */ = {isa = PBXFileReference; lastKnownFileType = folder.assetcatalog; path = Assets.xcassets; sourceTree = "<group>"; };
		963B6F7F1F74F0AA00B2F400 /* Base */ = {isa = PBXFileReference; lastKnownFileType = file.storyboard; name = Base; path = Base.lproj/LaunchScreen.storyboard; sourceTree = "<group>"; };
		963B6F811F74F0AA00B2F400 /* Info.plist */ = {isa = PBXFileReference; lastKnownFileType = text.plist.xml; path = Info.plist; sourceTree = "<group>"; };
		963B6F861F74F0AA00B2F400 /* demoappTests.xctest */ = {isa = PBXFileReference; explicitFileType = wrapper.cfbundle; includeInIndex = 0; path = demoappTests.xctest; sourceTree = BUILT_PRODUCTS_DIR; };
		963B6F8A1F74F0AB00B2F400 /* demoappTests.swift */ = {isa = PBXFileReference; lastKnownFileType = sourcecode.swift; path = demoappTests.swift; sourceTree = "<group>"; };
		963B6F8C1F74F0AB00B2F400 /* Info.plist */ = {isa = PBXFileReference; lastKnownFileType = text.plist.xml; path = Info.plist; sourceTree = "<group>"; };
		963B6F911F74F0AB00B2F400 /* demoappUITests.xctest */ = {isa = PBXFileReference; explicitFileType = wrapper.cfbundle; includeInIndex = 0; path = demoappUITests.xctest; sourceTree = BUILT_PRODUCTS_DIR; };
		963B6F951F74F0AB00B2F400 /* demoappUITests.swift */ = {isa = PBXFileReference; lastKnownFileType = sourcecode.swift; path = demoappUITests.swift; sourceTree = "<group>"; };
		963B6F971F74F0AB00B2F400 /* Info.plist */ = {isa = PBXFileReference; lastKnownFileType = text.plist.xml; path = Info.plist; sourceTree = "<group>"; };
		963B6FE01F75A30B00B2F400 /* Model.xcdatamodel */ = {isa = PBXFileReference; lastKnownFileType = wrapper.xcdatamodel; path = Model.xcdatamodel; sourceTree = "<group>"; };
		963B6FE21F75A68300B2F400 /* PlayerController.swift */ = {isa = PBXFileReference; lastKnownFileType = sourcecode.swift; path = PlayerController.swift; sourceTree = "<group>"; };
		96F1F1CD1F7ED3DA00B93D07 /* MotionController.swift */ = {isa = PBXFileReference; lastKnownFileType = sourcecode.swift; path = MotionController.swift; sourceTree = "<group>"; };
/* End PBXFileReference section */

/* Begin PBXFrameworksBuildPhase section */
		963B6F6F1F74F0AA00B2F400 /* Frameworks */ = {
			isa = PBXFrameworksBuildPhase;
			buildActionMask = 2147483647;
			files = (
			);
			runOnlyForDeploymentPostprocessing = 0;
		};
		963B6F831F74F0AA00B2F400 /* Frameworks */ = {
			isa = PBXFrameworksBuildPhase;
			buildActionMask = 2147483647;
			files = (
			);
			runOnlyForDeploymentPostprocessing = 0;
		};
		963B6F8E1F74F0AB00B2F400 /* Frameworks */ = {
			isa = PBXFrameworksBuildPhase;
			buildActionMask = 2147483647;
			files = (
			);
			runOnlyForDeploymentPostprocessing = 0;
		};
/* End PBXFrameworksBuildPhase section */

/* Begin PBXGroup section */
		963B6F691F74F0AA00B2F400 = {
			isa = PBXGroup;
			children = (
				963B6F741F74F0AA00B2F400 /* demoapp */,
				963B6F891F74F0AB00B2F400 /* demoappTests */,
				963B6F941F74F0AB00B2F400 /* demoappUITests */,
				963B6F731F74F0AA00B2F400 /* Products */,
			);
			sourceTree = "<group>";
		};
		963B6F731F74F0AA00B2F400 /* Products */ = {
			isa = PBXGroup;
			children = (
				963B6F721F74F0AA00B2F400 /* demoapp.app */,
				963B6F861F74F0AA00B2F400 /* demoappTests.xctest */,
				963B6F911F74F0AB00B2F400 /* demoappUITests.xctest */,
			);
			name = Products;
			sourceTree = "<group>";
		};
		963B6F741F74F0AA00B2F400 /* demoapp */ = {
			isa = PBXGroup;
			children = (
				96F1F1CF1F83FD3F00B93D07 /* Controllers */,
				963B6F751F74F0AA00B2F400 /* AppDelegate.swift */,
				963B6F7C1F74F0AA00B2F400 /* Assets.xcassets */,
				963B6F7E1F74F0AA00B2F400 /* LaunchScreen.storyboard */,
				963B6F791F74F0AA00B2F400 /* Main.storyboard */,
				963B6F811F74F0AA00B2F400 /* Info.plist */,
				963B6FDF1F75A30B00B2F400 /* Model.xcdatamodeld */,
			);
			path = demoapp;
			sourceTree = "<group>";
		};
		963B6F891F74F0AB00B2F400 /* demoappTests */ = {
			isa = PBXGroup;
			children = (
				963B6F8A1F74F0AB00B2F400 /* demoappTests.swift */,
				963B6F8C1F74F0AB00B2F400 /* Info.plist */,
			);
			path = demoappTests;
			sourceTree = "<group>";
		};
		963B6F941F74F0AB00B2F400 /* demoappUITests */ = {
			isa = PBXGroup;
			children = (
				963B6F951F74F0AB00B2F400 /* demoappUITests.swift */,
				963B6F971F74F0AB00B2F400 /* Info.plist */,
			);
			path = demoappUITests;
			sourceTree = "<group>";
		};
		96F1F1CF1F83FD3F00B93D07 /* Controllers */ = {
			isa = PBXGroup;
			children = (
				963B6F771F74F0AA00B2F400 /* ViewController.swift */,
				96F1F1CD1F7ED3DA00B93D07 /* MotionController.swift */,
				963B6FE21F75A68300B2F400 /* PlayerController.swift */,
			);
			path = Controllers;
			sourceTree = "<group>";
		};
/* End PBXGroup section */

/* Begin PBXNativeTarget section */
		963B6F711F74F0AA00B2F400 /* demoapp */ = {
			isa = PBXNativeTarget;
			buildConfigurationList = 963B6F9A1F74F0AB00B2F400 /* Build configuration list for PBXNativeTarget "demoapp" */;
			buildPhases = (
				963B6F6E1F74F0AA00B2F400 /* Sources */,
				963B6F6F1F74F0AA00B2F400 /* Frameworks */,
				963B6F701F74F0AA00B2F400 /* Resources */,
			);
			buildRules = (
			);
			dependencies = (
			);
			name = demoapp;
			productName = demoapp;
			productReference = 963B6F721F74F0AA00B2F400 /* demoapp.app */;
			productType = "com.apple.product-type.application";
		};
		963B6F851F74F0AA00B2F400 /* demoappTests */ = {
			isa = PBXNativeTarget;
			buildConfigurationList = 963B6F9D1F74F0AB00B2F400 /* Build configuration list for PBXNativeTarget "demoappTests" */;
			buildPhases = (
				963B6F821F74F0AA00B2F400 /* Sources */,
				963B6F831F74F0AA00B2F400 /* Frameworks */,
				963B6F841F74F0AA00B2F400 /* Resources */,
			);
			buildRules = (
			);
			dependencies = (
				963B6F881F74F0AA00B2F400 /* PBXTargetDependency */,
			);
			name = demoappTests;
			productName = demoappTests;
			productReference = 963B6F861F74F0AA00B2F400 /* demoappTests.xctest */;
			productType = "com.apple.product-type.bundle.unit-test";
		};
		963B6F901F74F0AB00B2F400 /* demoappUITests */ = {
			isa = PBXNativeTarget;
			buildConfigurationList = 963B6FA01F74F0AB00B2F400 /* Build configuration list for PBXNativeTarget "demoappUITests" */;
			buildPhases = (
				963B6F8D1F74F0AB00B2F400 /* Sources */,
				963B6F8E1F74F0AB00B2F400 /* Frameworks */,
				963B6F8F1F74F0AB00B2F400 /* Resources */,
			);
			buildRules = (
			);
			dependencies = (
				963B6F931F74F0AB00B2F400 /* PBXTargetDependency */,
			);
			name = demoappUITests;
			productName = demoappUITests;
			productReference = 963B6F911F74F0AB00B2F400 /* demoappUITests.xctest */;
			productType = "com.apple.product-type.bundle.ui-testing";
		};
/* End PBXNativeTarget section */

/* Begin PBXProject section */
		963B6F6A1F74F0AA00B2F400 /* Project object */ = {
			isa = PBXProject;
			attributes = {
				LastSwiftUpdateCheck = 0900;
				LastUpgradeCheck = 0900;
				ORGANIZATIONNAME = "Jason Sekhon";
				TargetAttributes = {
					963B6F711F74F0AA00B2F400 = {
						CreatedOnToolsVersion = 9.0;
						ProvisioningStyle = Automatic;
					};
					963B6F851F74F0AA00B2F400 = {
						CreatedOnToolsVersion = 9.0;
						ProvisioningStyle = Automatic;
						TestTargetID = 963B6F711F74F0AA00B2F400;
					};
					963B6F901F74F0AB00B2F400 = {
						CreatedOnToolsVersion = 9.0;
						ProvisioningStyle = Automatic;
						TestTargetID = 963B6F711F74F0AA00B2F400;
					};
				};
			};
			buildConfigurationList = 963B6F6D1F74F0AA00B2F400 /* Build configuration list for PBXProject "demoapp" */;
			compatibilityVersion = "Xcode 8.0";
			developmentRegion = en;
			hasScannedForEncodings = 0;
			knownRegions = (
				en,
				Base,
			);
			mainGroup = 963B6F691F74F0AA00B2F400;
			productRefGroup = 963B6F731F74F0AA00B2F400 /* Products */;
			projectDirPath = "";
			projectRoot = "";
			targets = (
				963B6F711F74F0AA00B2F400 /* demoapp */,
				963B6F851F74F0AA00B2F400 /* demoappTests */,
				963B6F901F74F0AB00B2F400 /* demoappUITests */,
			);
		};
/* End PBXProject section */

/* Begin PBXResourcesBuildPhase section */
		963B6F701F74F0AA00B2F400 /* Resources */ = {
			isa = PBXResourcesBuildPhase;
			buildActionMask = 2147483647;
			files = (
				963B6F801F74F0AA00B2F400 /* LaunchScreen.storyboard in Resources */,
				963B6F7D1F74F0AA00B2F400 /* Assets.xcassets in Resources */,
				963B6F7B1F74F0AA00B2F400 /* Main.storyboard in Resources */,
			);
			runOnlyForDeploymentPostprocessing = 0;
		};
		963B6F841F74F0AA00B2F400 /* Resources */ = {
			isa = PBXResourcesBuildPhase;
			buildActionMask = 2147483647;
			files = (
			);
			runOnlyForDeploymentPostprocessing = 0;
		};
		963B6F8F1F74F0AB00B2F400 /* Resources */ = {
			isa = PBXResourcesBuildPhase;
			buildActionMask = 2147483647;
			files = (
			);
			runOnlyForDeploymentPostprocessing = 0;
		};
/* End PBXResourcesBuildPhase section */

/* Begin PBXSourcesBuildPhase section */
		963B6F6E1F74F0AA00B2F400 /* Sources */ = {
			isa = PBXSourcesBuildPhase;
			buildActionMask = 2147483647;
			files = (
				963B6F781F74F0AA00B2F400 /* ViewController.swift in Sources */,
				963B6F761F74F0AA00B2F400 /* AppDelegate.swift in Sources */,
				963B6FE31F75A68300B2F400 /* PlayerController.swift in Sources */,
				96F1F1CE1F7ED3DA00B93D07 /* MotionController.swift in Sources */,
				963B6FE11F75A30B00B2F400 /* Model.xcdatamodeld in Sources */,
			);
			runOnlyForDeploymentPostprocessing = 0;
		};
		963B6F821F74F0AA00B2F400 /* Sources */ = {
			isa = PBXSourcesBuildPhase;
			buildActionMask = 2147483647;
			files = (
				963B6F8B1F74F0AB00B2F400 /* demoappTests.swift in Sources */,
			);
			runOnlyForDeploymentPostprocessing = 0;
		};
		963B6F8D1F74F0AB00B2F400 /* Sources */ = {
			isa = PBXSourcesBuildPhase;
			buildActionMask = 2147483647;
			files = (
				963B6F961F74F0AB00B2F400 /* demoappUITests.swift in Sources */,
			);
			runOnlyForDeploymentPostprocessing = 0;
		};
/* End PBXSourcesBuildPhase section */

/* Begin PBXTargetDependency section */
		963B6F881F74F0AA00B2F400 /* PBXTargetDependency */ = {
			isa = PBXTargetDependency;
			target = 963B6F711F74F0AA00B2F400 /* demoapp */;
			targetProxy = 963B6F871F74F0AA00B2F400 /* PBXContainerItemProxy */;
		};
		963B6F931F74F0AB00B2F400 /* PBXTargetDependency */ = {
			isa = PBXTargetDependency;
			target = 963B6F711F74F0AA00B2F400 /* demoapp */;
			targetProxy = 963B6F921F74F0AB00B2F400 /* PBXContainerItemProxy */;
		};
/* End PBXTargetDependency section */

/* Begin PBXVariantGroup section */
		963B6F791F74F0AA00B2F400 /* Main.storyboard */ = {
			isa = PBXVariantGroup;
			children = (
				963B6F7A1F74F0AA00B2F400 /* Base */,
			);
			name = Main.storyboard;
			sourceTree = "<group>";
		};
		963B6F7E1F74F0AA00B2F400 /* LaunchScreen.storyboard */ = {
			isa = PBXVariantGroup;
			children = (
				963B6F7F1F74F0AA00B2F400 /* Base */,
			);
			name = LaunchScreen.storyboard;
			sourceTree = "<group>";
		};
/* End PBXVariantGroup section */

/* Begin XCBuildConfiguration section */
		963B6F981F74F0AB00B2F400 /* Debug */ = {
			isa = XCBuildConfiguration;
			buildSettings = {
				ALWAYS_SEARCH_USER_PATHS = NO;
				CLANG_ANALYZER_NONNULL = YES;
				CLANG_ANALYZER_NUMBER_OBJECT_CONVERSION = YES_AGGRESSIVE;
				CLANG_CXX_LANGUAGE_STANDARD = "gnu++14";
				CLANG_CXX_LIBRARY = "libc++";
				CLANG_ENABLE_MODULES = YES;
				CLANG_ENABLE_OBJC_ARC = YES;
				CLANG_WARN_BLOCK_CAPTURE_AUTORELEASING = YES;
				CLANG_WARN_BOOL_CONVERSION = YES;
				CLANG_WARN_COMMA = YES;
				CLANG_WARN_CONSTANT_CONVERSION = YES;
				CLANG_WARN_DIRECT_OBJC_ISA_USAGE = YES_ERROR;
				CLANG_WARN_DOCUMENTATION_COMMENTS = YES;
				CLANG_WARN_EMPTY_BODY = YES;
				CLANG_WARN_ENUM_CONVERSION = YES;
				CLANG_WARN_INFINITE_RECURSION = YES;
				CLANG_WARN_INT_CONVERSION = YES;
				CLANG_WARN_NON_LITERAL_NULL_CONVERSION = YES;
				CLANG_WARN_OBJC_LITERAL_CONVERSION = YES;
				CLANG_WARN_OBJC_ROOT_CLASS = YES_ERROR;
				CLANG_WARN_RANGE_LOOP_ANALYSIS = YES;
				CLANG_WARN_STRICT_PROTOTYPES = YES;
				CLANG_WARN_SUSPICIOUS_MOVE = YES;
				CLANG_WARN_UNGUARDED_AVAILABILITY = YES_AGGRESSIVE;
				CLANG_WARN_UNREACHABLE_CODE = YES;
				CLANG_WARN__DUPLICATE_METHOD_MATCH = YES;
				CODE_SIGN_IDENTITY = "iPhone Developer";
				COPY_PHASE_STRIP = NO;
				DEBUG_INFORMATION_FORMAT = dwarf;
				ENABLE_STRICT_OBJC_MSGSEND = YES;
				ENABLE_TESTABILITY = YES;
				GCC_C_LANGUAGE_STANDARD = gnu11;
				GCC_DYNAMIC_NO_PIC = NO;
				GCC_NO_COMMON_BLOCKS = YES;
				GCC_OPTIMIZATION_LEVEL = 0;
				GCC_PREPROCESSOR_DEFINITIONS = (
					"DEBUG=1",
					"$(inherited)",
				);
				GCC_WARN_64_TO_32_BIT_CONVERSION = YES;
				GCC_WARN_ABOUT_RETURN_TYPE = YES_ERROR;
				GCC_WARN_UNDECLARED_SELECTOR = YES;
				GCC_WARN_UNINITIALIZED_AUTOS = YES_AGGRESSIVE;
				GCC_WARN_UNUSED_FUNCTION = YES;
				GCC_WARN_UNUSED_VARIABLE = YES;
				IPHONEOS_DEPLOYMENT_TARGET = 11.0;
				MTL_ENABLE_DEBUG_INFO = YES;
				ONLY_ACTIVE_ARCH = YES;
				SDKROOT = iphoneos;
				SWIFT_ACTIVE_COMPILATION_CONDITIONS = DEBUG;
				SWIFT_OPTIMIZATION_LEVEL = "-Onone";
			};
			name = Debug;
		};
		963B6F991F74F0AB00B2F400 /* Release */ = {
			isa = XCBuildConfiguration;
			buildSettings = {
				ALWAYS_SEARCH_USER_PATHS = NO;
				CLANG_ANALYZER_NONNULL = YES;
				CLANG_ANALYZER_NUMBER_OBJECT_CONVERSION = YES_AGGRESSIVE;
				CLANG_CXX_LANGUAGE_STANDARD = "gnu++14";
				CLANG_CXX_LIBRARY = "libc++";
				CLANG_ENABLE_MODULES = YES;
				CLANG_ENABLE_OBJC_ARC = YES;
				CLANG_WARN_BLOCK_CAPTURE_AUTORELEASING = YES;
				CLANG_WARN_BOOL_CONVERSION = YES;
				CLANG_WARN_COMMA = YES;
				CLANG_WARN_CONSTANT_CONVERSION = YES;
				CLANG_WARN_DIRECT_OBJC_ISA_USAGE = YES_ERROR;
				CLANG_WARN_DOCUMENTATION_COMMENTS = YES;
				CLANG_WARN_EMPTY_BODY = YES;
				CLANG_WARN_ENUM_CONVERSION = YES;
				CLANG_WARN_INFINITE_RECURSION = YES;
				CLANG_WARN_INT_CONVERSION = YES;
				CLANG_WARN_NON_LITERAL_NULL_CONVERSION = YES;
				CLANG_WARN_OBJC_LITERAL_CONVERSION = YES;
				CLANG_WARN_OBJC_ROOT_CLASS = YES_ERROR;
				CLANG_WARN_RANGE_LOOP_ANALYSIS = YES;
				CLANG_WARN_STRICT_PROTOTYPES = YES;
				CLANG_WARN_SUSPICIOUS_MOVE = YES;
				CLANG_WARN_UNGUARDED_AVAILABILITY = YES_AGGRESSIVE;
				CLANG_WARN_UNREACHABLE_CODE = YES;
				CLANG_WARN__DUPLICATE_METHOD_MATCH = YES;
				CODE_SIGN_IDENTITY = "iPhone Developer";
				COPY_PHASE_STRIP = NO;
				DEBUG_INFORMATION_FORMAT = "dwarf-with-dsym";
				ENABLE_NS_ASSERTIONS = NO;
				ENABLE_STRICT_OBJC_MSGSEND = YES;
				GCC_C_LANGUAGE_STANDARD = gnu11;
				GCC_NO_COMMON_BLOCKS = YES;
				GCC_WARN_64_TO_32_BIT_CONVERSION = YES;
				GCC_WARN_ABOUT_RETURN_TYPE = YES_ERROR;
				GCC_WARN_UNDECLARED_SELECTOR = YES;
				GCC_WARN_UNINITIALIZED_AUTOS = YES_AGGRESSIVE;
				GCC_WARN_UNUSED_FUNCTION = YES;
				GCC_WARN_UNUSED_VARIABLE = YES;
				IPHONEOS_DEPLOYMENT_TARGET = 11.0;
				MTL_ENABLE_DEBUG_INFO = NO;
				SDKROOT = iphoneos;
				SWIFT_OPTIMIZATION_LEVEL = "-Owholemodule";
				VALIDATE_PRODUCT = YES;
			};
			name = Release;
		};
		963B6F9B1F74F0AB00B2F400 /* Debug */ = {
			isa = XCBuildConfiguration;
			buildSettings = {
				ASSETCATALOG_COMPILER_APPICON_NAME = AppIcon;
				"CODE_SIGN_IDENTITY[sdk=iphoneos*]" = "iPhone Developer";
				CODE_SIGN_STYLE = Automatic;
				DEVELOPMENT_TEAM = A2SBKB36F6;
				INFOPLIST_FILE = demoapp/Info.plist;
				LD_RUNPATH_SEARCH_PATHS = "$(inherited) @executable_path/Frameworks";
				PRODUCT_BUNDLE_IDENTIFIER = Jason.Sekhon.demoapp;
				PRODUCT_NAME = "$(TARGET_NAME)";
				PROVISIONING_PROFILE_SPECIFIER = "";
				SWIFT_VERSION = 4.0;
				TARGETED_DEVICE_FAMILY = "1,2";
			};
			name = Debug;
		};
		963B6F9C1F74F0AB00B2F400 /* Release */ = {
			isa = XCBuildConfiguration;
			buildSettings = {
				ASSETCATALOG_COMPILER_APPICON_NAME = AppIcon;
				"CODE_SIGN_IDENTITY[sdk=iphoneos*]" = "iPhone Developer";
				CODE_SIGN_STYLE = Automatic;
				DEVELOPMENT_TEAM = A2SBKB36F6;
				INFOPLIST_FILE = demoapp/Info.plist;
				LD_RUNPATH_SEARCH_PATHS = "$(inherited) @executable_path/Frameworks";
				PRODUCT_BUNDLE_IDENTIFIER = Jason.Sekhon.demoapp;
				PRODUCT_NAME = "$(TARGET_NAME)";
				PROVISIONING_PROFILE_SPECIFIER = "";
				SWIFT_VERSION = 4.0;
				TARGETED_DEVICE_FAMILY = "1,2";
			};
			name = Release;
		};
		963B6F9E1F74F0AB00B2F400 /* Debug */ = {
			isa = XCBuildConfiguration;
			buildSettings = {
				ALWAYS_EMBED_SWIFT_STANDARD_LIBRARIES = YES;
				BUNDLE_LOADER = "$(TEST_HOST)";
				CODE_SIGN_STYLE = Automatic;
				INFOPLIST_FILE = demoappTests/Info.plist;
				LD_RUNPATH_SEARCH_PATHS = "$(inherited) @executable_path/Frameworks @loader_path/Frameworks";
				PRODUCT_BUNDLE_IDENTIFIER = Jason.Sekhon.demoappTests;
				PRODUCT_NAME = "$(TARGET_NAME)";
				SWIFT_VERSION = 4.0;
				TARGETED_DEVICE_FAMILY = "1,2";
				TEST_HOST = "$(BUILT_PRODUCTS_DIR)/demoapp.app/demoapp";
			};
			name = Debug;
		};
		963B6F9F1F74F0AB00B2F400 /* Release */ = {
			isa = XCBuildConfiguration;
			buildSettings = {
				ALWAYS_EMBED_SWIFT_STANDARD_LIBRARIES = YES;
				BUNDLE_LOADER = "$(TEST_HOST)";
				CODE_SIGN_STYLE = Automatic;
				INFOPLIST_FILE = demoappTests/Info.plist;
				LD_RUNPATH_SEARCH_PATHS = "$(inherited) @executable_path/Frameworks @loader_path/Frameworks";
				PRODUCT_BUNDLE_IDENTIFIER = Jason.Sekhon.demoappTests;
				PRODUCT_NAME = "$(TARGET_NAME)";
				SWIFT_VERSION = 4.0;
				TARGETED_DEVICE_FAMILY = "1,2";
				TEST_HOST = "$(BUILT_PRODUCTS_DIR)/demoapp.app/demoapp";
			};
			name = Release;
		};
		963B6FA11F74F0AB00B2F400 /* Debug */ = {
			isa = XCBuildConfiguration;
			buildSettings = {
				ALWAYS_EMBED_SWIFT_STANDARD_LIBRARIES = YES;
				CODE_SIGN_STYLE = Automatic;
				INFOPLIST_FILE = demoappUITests/Info.plist;
				LD_RUNPATH_SEARCH_PATHS = "$(inherited) @executable_path/Frameworks @loader_path/Frameworks";
				PRODUCT_BUNDLE_IDENTIFIER = Jason.Sekhon.demoappUITests;
				PRODUCT_NAME = "$(TARGET_NAME)";
				SWIFT_VERSION = 4.0;
				TARGETED_DEVICE_FAMILY = "1,2";
				TEST_TARGET_NAME = demoapp;
			};
			name = Debug;
		};
		963B6FA21F74F0AB00B2F400 /* Release */ = {
			isa = XCBuildConfiguration;
			buildSettings = {
				ALWAYS_EMBED_SWIFT_STANDARD_LIBRARIES = YES;
				CODE_SIGN_STYLE = Automatic;
				INFOPLIST_FILE = demoappUITests/Info.plist;
				LD_RUNPATH_SEARCH_PATHS = "$(inherited) @executable_path/Frameworks @loader_path/Frameworks";
				PRODUCT_BUNDLE_IDENTIFIER = Jason.Sekhon.demoappUITests;
				PRODUCT_NAME = "$(TARGET_NAME)";
				SWIFT_VERSION = 4.0;
				TARGETED_DEVICE_FAMILY = "1,2";
				TEST_TARGET_NAME = demoapp;
			};
			name = Release;
		};
/* End XCBuildConfiguration section */

/* Begin XCConfigurationList section */
		963B6F6D1F74F0AA00B2F400 /* Build configuration list for PBXProject "demoapp" */ = {
			isa = XCConfigurationList;
			buildConfigurations = (
				963B6F981F74F0AB00B2F400 /* Debug */,
				963B6F991F74F0AB00B2F400 /* Release */,
			);
			defaultConfigurationIsVisible = 0;
			defaultConfigurationName = Release;
		};
		963B6F9A1F74F0AB00B2F400 /* Build configuration list for PBXNativeTarget "demoapp" */ = {
			isa = XCConfigurationList;
			buildConfigurations = (
				963B6F9B1F74F0AB00B2F400 /* Debug */,
				963B6F9C1F74F0AB00B2F400 /* Release */,
			);
			defaultConfigurationIsVisible = 0;
			defaultConfigurationName = Release;
		};
		963B6F9D1F74F0AB00B2F400 /* Build configuration list for PBXNativeTarget "demoappTests" */ = {
			isa = XCConfigurationList;
			buildConfigurations = (
				963B6F9E1F74F0AB00B2F400 /* Debug */,
				963B6F9F1F74F0AB00B2F400 /* Release */,
			);
			defaultConfigurationIsVisible = 0;
			defaultConfigurationName = Release;
		};
		963B6FA01F74F0AB00B2F400 /* Build configuration list for PBXNativeTarget "demoappUITests" */ = {
			isa = XCConfigurationList;
			buildConfigurations = (
				963B6FA11F74F0AB00B2F400 /* Debug */,
				963B6FA21F74F0AB00B2F400 /* Release */,
			);
			defaultConfigurationIsVisible = 0;
			defaultConfigurationName = Release;
		};
/* End XCConfigurationList section */

/* Begin XCVersionGroup section */
		963B6FDF1F75A30B00B2F400 /* Model.xcdatamodeld */ = {
			isa = XCVersionGroup;
			children = (
				963B6FE01F75A30B00B2F400 /* Model.xcdatamodel */,
			);
			currentVersion = 963B6FE01F75A30B00B2F400 /* Model.xcdatamodel */;
			path = Model.xcdatamodeld;
			sourceTree = "<group>";
			versionGroupType = wrapper.xcdatamodel;
		};
/* End XCVersionGroup section */
	};
	rootObject = 963B6F6A1F74F0AA00B2F400 /* Project object */;
}
